
Microsoft Visual Studio Solution File, Format Version 12.00
# Visual Studio Version 17
VisualStudioVersion = 17.0.31903.59
MinimumVisualStudioVersion = 10.0.40219.1
Project("{2150E333-8FDC-42A3-9474-1A3956D46DE8}") = "src", "src", "{E5C38298-4940-446C-8B07-12A19DAFFFDE}"
EndProject
Project("{2150E333-8FDC-42A3-9474-1A3956D46DE8}") = "users", "users", "{5AB00332-CAB0-4E5E-AF6B-DDEA7BC8168A}"
EndProject
Project("{FAE04EC0-301F-11D3-BF4B-00C04F79EFBC}") = "AutoMarket.Users.API", "src\users\AutoMarket.Users.API\AutoMarket.Users.API.csproj", "{B71D1C5C-D19D-4583-8E7A-8E215DE9F5C9}"
EndProject
Project("{FAE04EC0-301F-11D3-BF4B-00C04F79EFBC}") = "AutoMarket.Users.Application", "src\users\AutoMarket.Users.Application\AutoMarket.Users.Application.csproj", "{AA26C399-3794-4998-A70E-0AB44C8534C9}"
EndProject
Project("{FAE04EC0-301F-11D3-BF4B-00C04F79EFBC}") = "AutoMarket.Users.Domain", "src\users\AutoMarket.Users.Domain\AutoMarket.Users.Domain.csproj", "{D830CC2B-EF70-4B28-8847-44362E3813B2}"
EndProject
Project("{FAE04EC0-301F-11D3-BF4B-00C04F79EFBC}") = "AutoMarket.Users.Infrastructure", "src\users\AutoMarket.Users.Infrastructure\AutoMarket.Users.Infrastructure.csproj", "{F4731A99-06D1-4387-83CE-4636DA2AC3F5}"
EndProject
Project("{FAE04EC0-301F-11D3-BF4B-00C04F79EFBC}") = "AutoMarket.Users.Shared", "src\users\AutoMarket.Users.Shared\AutoMarket.Users.Shared.csproj", "{A28B235E-0C14-40FE-9B64-5FA6F116D58F}"
EndProject
Project("{2150E333-8FDC-42A3-9474-1A3956D46DE8}") = "tools", "tools", "{D4D4E77F-4F5C-42D6-86EF-A7A33515FF5B}"
EndProject
Project("{FAE04EC0-301F-11D3-BF4B-00C04F79EFBC}") = "AutoMarket.Application", "src\tools\AutoMarket.Application\AutoMarket.Application.csproj", "{91E5970A-55A0-450D-B57D-F7615C6143E0}"
EndProject
Project("{FAE04EC0-301F-11D3-BF4B-00C04F79EFBC}") = "AutoMarket.Extensions", "src\tools\AutoMarket.Extensions\AutoMarket.Extensions.csproj", "{E61D05E5-DD7F-44EC-9852-CAD683FBB687}"
EndProject
Project("{FAE04EC0-301F-11D3-BF4B-00C04F79EFBC}") = "AutoMarket.Infrastructure", "src\tools\AutoMarket.Infrastructure\AutoMarket.Infrastructure.csproj", "{72C1954B-77DE-4E52-BBD9-B8FC4FE7DEB1}"
EndProject
Project("{2150E333-8FDC-42A3-9474-1A3956D46DE8}") = "cars", "cars", "{5DEFD11B-E0EE-4D03-925F-D0B5402CB921}"
EndProject
Project("{FAE04EC0-301F-11D3-BF4B-00C04F79EFBC}") = "AutoMarket.Cars.API", "src\cars\AutoMarket.Cars.API\AutoMarket.Cars.API.csproj", "{4F3163DC-E582-458F-A150-19AC264A0259}"
EndProject
Project("{FAE04EC0-301F-11D3-BF4B-00C04F79EFBC}") = "AutoMarket.Cars.Application", "src\cars\AutoMarket.Cars.Application\AutoMarket.Cars.Application.csproj", "{B6E1922A-8340-412D-95F9-3E0BC2BA82FC}"
EndProject
Project("{FAE04EC0-301F-11D3-BF4B-00C04F79EFBC}") = "AutoMarket.Cars.Domain", "src\cars\AutoMarket.Cars.Domain\AutoMarket.Cars.Domain.csproj", "{58780466-1A67-4526-A85B-B4A214B9E682}"
EndProject
Project("{FAE04EC0-301F-11D3-BF4B-00C04F79EFBC}") = "AutoMarket.Cars.Infrastructure", "src\cars\AutoMarket.Cars.Infrastructure\AutoMarket.Cars.Infrastructure.csproj", "{FF0B5B4E-4ECD-4429-94CC-51A36AE1FC21}"
EndProject
Project("{FAE04EC0-301F-11D3-BF4B-00C04F79EFBC}") = "AutoMarket.Cars.Shared", "src\cars\AutoMarket.Cars.Shared\AutoMarket.Cars.Shared.csproj", "{E88224BC-34E7-48C0-BDB8-B2DBC25B6592}"
EndProject
Project("{2150E333-8FDC-42A3-9474-1A3956D46DE8}") = "orders", "orders", "{FCFE5E58-FFA6-4A86-9596-3B357446D87E}"
EndProject
Project("{FAE04EC0-301F-11D3-BF4B-00C04F79EFBC}") = "AutoMarket.Orders.API", "src\orders\AutoMarket.Orders.API\AutoMarket.Orders.API.csproj", "{1C78BAEC-E017-495F-9363-A3A0338C1AB7}"
EndProject
Project("{FAE04EC0-301F-11D3-BF4B-00C04F79EFBC}") = "AutoMarket.Orders.Application", "src\orders\AutoMarket.Orders.Application\AutoMarket.Orders.Application.csproj", "{3034B721-9A9F-4DFD-92AC-77630A80E7C8}"
EndProject
Project("{FAE04EC0-301F-11D3-BF4B-00C04F79EFBC}") = "AutoMarket.Orders.Domain", "src\orders\AutoMarket.Orders.Domain\AutoMarket.Orders.Domain.csproj", "{0184C806-BF8F-48A5-83EB-BBBC12C5E833}"
EndProject
Project("{FAE04EC0-301F-11D3-BF4B-00C04F79EFBC}") = "AutoMarket.Orders.Infrastructure", "src\orders\AutoMarket.Orders.Infrastructure\AutoMarket.Orders.Infrastructure.csproj", "{E5C09A39-BEB3-494E-92BE-0E840712C2C4}"
EndProject
Project("{FAE04EC0-301F-11D3-BF4B-00C04F79EFBC}") = "AutoMarket.Orders.Shared", "src\orders\AutoMarket.Orders.Shared\AutoMarket.Orders.Shared.csproj", "{A064BB95-EFDA-4473-B6DC-39ADFC1765B5}"
EndProject
Global
	GlobalSection(SolutionConfigurationPlatforms) = preSolution
		Debug|Any CPU = Debug|Any CPU
		Release|Any CPU = Release|Any CPU
	EndGlobalSection
	GlobalSection(SolutionProperties) = preSolution
		HideSolutionNode = FALSE
	EndGlobalSection
	GlobalSection(ProjectConfigurationPlatforms) = postSolution
		{B71D1C5C-D19D-4583-8E7A-8E215DE9F5C9}.Debug|Any CPU.ActiveCfg = Debug|Any CPU
		{B71D1C5C-D19D-4583-8E7A-8E215DE9F5C9}.Debug|Any CPU.Build.0 = Debug|Any CPU
		{B71D1C5C-D19D-4583-8E7A-8E215DE9F5C9}.Release|Any CPU.ActiveCfg = Release|Any CPU
		{B71D1C5C-D19D-4583-8E7A-8E215DE9F5C9}.Release|Any CPU.Build.0 = Release|Any CPU
		{AA26C399-3794-4998-A70E-0AB44C8534C9}.Debug|Any CPU.ActiveCfg = Debug|Any CPU
		{AA26C399-3794-4998-A70E-0AB44C8534C9}.Debug|Any CPU.Build.0 = Debug|Any CPU
		{AA26C399-3794-4998-A70E-0AB44C8534C9}.Release|Any CPU.ActiveCfg = Release|Any CPU
		{AA26C399-3794-4998-A70E-0AB44C8534C9}.Release|Any CPU.Build.0 = Release|Any CPU
		{D830CC2B-EF70-4B28-8847-44362E3813B2}.Debug|Any CPU.ActiveCfg = Debug|Any CPU
		{D830CC2B-EF70-4B28-8847-44362E3813B2}.Debug|Any CPU.Build.0 = Debug|Any CPU
		{D830CC2B-EF70-4B28-8847-44362E3813B2}.Release|Any CPU.ActiveCfg = Release|Any CPU
		{D830CC2B-EF70-4B28-8847-44362E3813B2}.Release|Any CPU.Build.0 = Release|Any CPU
		{F4731A99-06D1-4387-83CE-4636DA2AC3F5}.Debug|Any CPU.ActiveCfg = Debug|Any CPU
		{F4731A99-06D1-4387-83CE-4636DA2AC3F5}.Debug|Any CPU.Build.0 = Debug|Any CPU
		{F4731A99-06D1-4387-83CE-4636DA2AC3F5}.Release|Any CPU.ActiveCfg = Release|Any CPU
		{F4731A99-06D1-4387-83CE-4636DA2AC3F5}.Release|Any CPU.Build.0 = Release|Any CPU
		{A28B235E-0C14-40FE-9B64-5FA6F116D58F}.Debug|Any CPU.ActiveCfg = Debug|Any CPU
		{A28B235E-0C14-40FE-9B64-5FA6F116D58F}.Debug|Any CPU.Build.0 = Debug|Any CPU
		{A28B235E-0C14-40FE-9B64-5FA6F116D58F}.Release|Any CPU.ActiveCfg = Release|Any CPU
		{A28B235E-0C14-40FE-9B64-5FA6F116D58F}.Release|Any CPU.Build.0 = Release|Any CPU
		{91E5970A-55A0-450D-B57D-F7615C6143E0}.Debug|Any CPU.ActiveCfg = Debug|Any CPU
		{91E5970A-55A0-450D-B57D-F7615C6143E0}.Debug|Any CPU.Build.0 = Debug|Any CPU
		{91E5970A-55A0-450D-B57D-F7615C6143E0}.Release|Any CPU.ActiveCfg = Release|Any CPU
		{91E5970A-55A0-450D-B57D-F7615C6143E0}.Release|Any CPU.Build.0 = Release|Any CPU
		{E61D05E5-DD7F-44EC-9852-CAD683FBB687}.Debug|Any CPU.ActiveCfg = Debug|Any CPU
		{E61D05E5-DD7F-44EC-9852-CAD683FBB687}.Debug|Any CPU.Build.0 = Debug|Any CPU
		{E61D05E5-DD7F-44EC-9852-CAD683FBB687}.Release|Any CPU.ActiveCfg = Release|Any CPU
		{E61D05E5-DD7F-44EC-9852-CAD683FBB687}.Release|Any CPU.Build.0 = Release|Any CPU
		{72C1954B-77DE-4E52-BBD9-B8FC4FE7DEB1}.Debug|Any CPU.ActiveCfg = Debug|Any CPU
		{72C1954B-77DE-4E52-BBD9-B8FC4FE7DEB1}.Debug|Any CPU.Build.0 = Debug|Any CPU
		{72C1954B-77DE-4E52-BBD9-B8FC4FE7DEB1}.Release|Any CPU.ActiveCfg = Release|Any CPU
		{72C1954B-77DE-4E52-BBD9-B8FC4FE7DEB1}.Release|Any CPU.Build.0 = Release|Any CPU
		{4F3163DC-E582-458F-A150-19AC264A0259}.Debug|Any CPU.ActiveCfg = Debug|Any CPU
		{4F3163DC-E582-458F-A150-19AC264A0259}.Debug|Any CPU.Build.0 = Debug|Any CPU
		{4F3163DC-E582-458F-A150-19AC264A0259}.Release|Any CPU.ActiveCfg = Release|Any CPU
		{4F3163DC-E582-458F-A150-19AC264A0259}.Release|Any CPU.Build.0 = Release|Any CPU
		{B6E1922A-8340-412D-95F9-3E0BC2BA82FC}.Debug|Any CPU.ActiveCfg = Debug|Any CPU
		{B6E1922A-8340-412D-95F9-3E0BC2BA82FC}.Debug|Any CPU.Build.0 = Debug|Any CPU
		{B6E1922A-8340-412D-95F9-3E0BC2BA82FC}.Release|Any CPU.ActiveCfg = Release|Any CPU
		{B6E1922A-8340-412D-95F9-3E0BC2BA82FC}.Release|Any CPU.Build.0 = Release|Any CPU
		{58780466-1A67-4526-A85B-B4A214B9E682}.Debug|Any CPU.ActiveCfg = Debug|Any CPU
		{58780466-1A67-4526-A85B-B4A214B9E682}.Debug|Any CPU.Build.0 = Debug|Any CPU
		{58780466-1A67-4526-A85B-B4A214B9E682}.Release|Any CPU.ActiveCfg = Release|Any CPU
		{58780466-1A67-4526-A85B-B4A214B9E682}.Release|Any CPU.Build.0 = Release|Any CPU
		{FF0B5B4E-4ECD-4429-94CC-51A36AE1FC21}.Debug|Any CPU.ActiveCfg = Debug|Any CPU
		{FF0B5B4E-4ECD-4429-94CC-51A36AE1FC21}.Debug|Any CPU.Build.0 = Debug|Any CPU
		{FF0B5B4E-4ECD-4429-94CC-51A36AE1FC21}.Release|Any CPU.ActiveCfg = Release|Any CPU
		{FF0B5B4E-4ECD-4429-94CC-51A36AE1FC21}.Release|Any CPU.Build.0 = Release|Any CPU
		{E88224BC-34E7-48C0-BDB8-B2DBC25B6592}.Debug|Any CPU.ActiveCfg = Debug|Any CPU
		{E88224BC-34E7-48C0-BDB8-B2DBC25B6592}.Debug|Any CPU.Build.0 = Debug|Any CPU
		{E88224BC-34E7-48C0-BDB8-B2DBC25B6592}.Release|Any CPU.ActiveCfg = Release|Any CPU
		{E88224BC-34E7-48C0-BDB8-B2DBC25B6592}.Release|Any CPU.Build.0 = Release|Any CPU
		{1C78BAEC-E017-495F-9363-A3A0338C1AB7}.Debug|Any CPU.ActiveCfg = Debug|Any CPU
		{1C78BAEC-E017-495F-9363-A3A0338C1AB7}.Debug|Any CPU.Build.0 = Debug|Any CPU
		{1C78BAEC-E017-495F-9363-A3A0338C1AB7}.Release|Any CPU.ActiveCfg = Release|Any CPU
		{1C78BAEC-E017-495F-9363-A3A0338C1AB7}.Release|Any CPU.Build.0 = Release|Any CPU
		{3034B721-9A9F-4DFD-92AC-77630A80E7C8}.Debug|Any CPU.ActiveCfg = Debug|Any CPU
		{3034B721-9A9F-4DFD-92AC-77630A80E7C8}.Debug|Any CPU.Build.0 = Debug|Any CPU
		{3034B721-9A9F-4DFD-92AC-77630A80E7C8}.Release|Any CPU.ActiveCfg = Release|Any CPU
		{3034B721-9A9F-4DFD-92AC-77630A80E7C8}.Release|Any CPU.Build.0 = Release|Any CPU
		{0184C806-BF8F-48A5-83EB-BBBC12C5E833}.Debug|Any CPU.ActiveCfg = Debug|Any CPU
		{0184C806-BF8F-48A5-83EB-BBBC12C5E833}.Debug|Any CPU.Build.0 = Debug|Any CPU
		{0184C806-BF8F-48A5-83EB-BBBC12C5E833}.Release|Any CPU.ActiveCfg = Release|Any CPU
		{0184C806-BF8F-48A5-83EB-BBBC12C5E833}.Release|Any CPU.Build.0 = Release|Any CPU
		{E5C09A39-BEB3-494E-92BE-0E840712C2C4}.Debug|Any CPU.ActiveCfg = Debug|Any CPU
		{E5C09A39-BEB3-494E-92BE-0E840712C2C4}.Debug|Any CPU.Build.0 = Debug|Any CPU
		{E5C09A39-BEB3-494E-92BE-0E840712C2C4}.Release|Any CPU.ActiveCfg = Release|Any CPU
		{E5C09A39-BEB3-494E-92BE-0E840712C2C4}.Release|Any CPU.Build.0 = Release|Any CPU
		{A064BB95-EFDA-4473-B6DC-39ADFC1765B5}.Debug|Any CPU.ActiveCfg = Debug|Any CPU
		{A064BB95-EFDA-4473-B6DC-39ADFC1765B5}.Debug|Any CPU.Build.0 = Debug|Any CPU
		{A064BB95-EFDA-4473-B6DC-39ADFC1765B5}.Release|Any CPU.ActiveCfg = Release|Any CPU
		{A064BB95-EFDA-4473-B6DC-39ADFC1765B5}.Release|Any CPU.Build.0 = Release|Any CPU
	EndGlobalSection
	GlobalSection(NestedProjects) = preSolution
		{5AB00332-CAB0-4E5E-AF6B-DDEA7BC8168A} = {E5C38298-4940-446C-8B07-12A19DAFFFDE}
		{B71D1C5C-D19D-4583-8E7A-8E215DE9F5C9} = {5AB00332-CAB0-4E5E-AF6B-DDEA7BC8168A}
		{AA26C399-3794-4998-A70E-0AB44C8534C9} = {5AB00332-CAB0-4E5E-AF6B-DDEA7BC8168A}
		{D830CC2B-EF70-4B28-8847-44362E3813B2} = {5AB00332-CAB0-4E5E-AF6B-DDEA7BC8168A}
		{F4731A99-06D1-4387-83CE-4636DA2AC3F5} = {5AB00332-CAB0-4E5E-AF6B-DDEA7BC8168A}
		{A28B235E-0C14-40FE-9B64-5FA6F116D58F} = {5AB00332-CAB0-4E5E-AF6B-DDEA7BC8168A}
		{D4D4E77F-4F5C-42D6-86EF-A7A33515FF5B} = {E5C38298-4940-446C-8B07-12A19DAFFFDE}
		{91E5970A-55A0-450D-B57D-F7615C6143E0} = {D4D4E77F-4F5C-42D6-86EF-A7A33515FF5B}
		{E61D05E5-DD7F-44EC-9852-CAD683FBB687} = {D4D4E77F-4F5C-42D6-86EF-A7A33515FF5B}
		{72C1954B-77DE-4E52-BBD9-B8FC4FE7DEB1} = {D4D4E77F-4F5C-42D6-86EF-A7A33515FF5B}
		{5DEFD11B-E0EE-4D03-925F-D0B5402CB921} = {E5C38298-4940-446C-8B07-12A19DAFFFDE}
		{4F3163DC-E582-458F-A150-19AC264A0259} = {5DEFD11B-E0EE-4D03-925F-D0B5402CB921}
		{B6E1922A-8340-412D-95F9-3E0BC2BA82FC} = {5DEFD11B-E0EE-4D03-925F-D0B5402CB921}
		{58780466-1A67-4526-A85B-B4A214B9E682} = {5DEFD11B-E0EE-4D03-925F-D0B5402CB921}
		{FF0B5B4E-4ECD-4429-94CC-51A36AE1FC21} = {5DEFD11B-E0EE-4D03-925F-D0B5402CB921}
		{E88224BC-34E7-48C0-BDB8-B2DBC25B6592} = {5DEFD11B-E0EE-4D03-925F-D0B5402CB921}
		{FCFE5E58-FFA6-4A86-9596-3B357446D87E} = {E5C38298-4940-446C-8B07-12A19DAFFFDE}
		{1C78BAEC-E017-495F-9363-A3A0338C1AB7} = {FCFE5E58-FFA6-4A86-9596-3B357446D87E}
		{3034B721-9A9F-4DFD-92AC-77630A80E7C8} = {FCFE5E58-FFA6-4A86-9596-3B357446D87E}
		{0184C806-BF8F-48A5-83EB-BBBC12C5E833} = {FCFE5E58-FFA6-4A86-9596-3B357446D87E}
		{E5C09A39-BEB3-494E-92BE-0E840712C2C4} = {FCFE5E58-FFA6-4A86-9596-3B357446D87E}
		{A064BB95-EFDA-4473-B6DC-39ADFC1765B5} = {FCFE5E58-FFA6-4A86-9596-3B357446D87E}
	EndGlobalSection
EndGlobal
